
Microsoft Visual Studio Solution File, Format Version 12.00
# Visual Studio Version 17
VisualStudioVersion = 17.8.34525.116
MinimumVisualStudioVersion = 10.0.40219.1
Project("{FAE04EC0-301F-11D3-BF4B-00C04F79EFBC}") = "Design", "Design\Design.csproj", "{91DFD7EA-364D-4042-A384-AE4F42F0A817}"
EndProject
Global
	GlobalSection(SolutionConfigurationPlatforms) = preSolution
		Debug|Any CPU = Debug|Any CPU
		Release|Any CPU = Release|Any CPU
	EndGlobalSection
	GlobalSection(ProjectConfigurationPlatforms) = postSolution
		{91DFD7EA-364D-4042-A384-AE4F42F0A817}.Debug|Any CPU.ActiveCfg = Debug|Any CPU
		{91DFD7EA-364D-4042-A384-AE4F42F0A817}.Debug|Any CPU.Build.0 = Debug|Any CPU
		{91DFD7EA-364D-4042-A384-AE4F42F0A817}.Release|Any CPU.ActiveCfg = Release|Any CPU
		{91DFD7EA-364D-4042-A384-AE4F42F0A817}.Release|Any CPU.Build.0 = Release|Any CPU
	EndGlobalSection
	GlobalSection(SolutionProperties) = preSolution
		HideSolutionNode = FALSE
	EndGlobalSection
	GlobalSection(ExtensibilityGlobals) = postSolution
		SolutionGuid = {48ADBB55-6EFA-4A37-A6ED-9C95768BBF51}
	EndGlobalSection
EndGlobal
