
Microsoft Visual Studio Solution File, Format Version 12.00
# Visual Studio Version 17
VisualStudioVersion = 17.8.34525.116
MinimumVisualStudioVersion = 10.0.40219.1
Project("{9A19103F-16F7-4668-BE54-9A1E7A4F7556}") = "Design", "Design\Design.csproj", "{91DFD7EA-364D-4042-A384-AE4F42F0A817}"
EndProject
Project("{2150E333-8FDC-42A3-9474-1A3956D46DE8}") = "Creational", "Creational", "{3563CFD1-0754-444F-85C9-48DD4C8A42CF}"
EndProject
Project("{2150E333-8FDC-42A3-9474-1A3956D46DE8}") = "Structural", "Structural", "{DD0DE677-1275-497D-AFDA-4C4939A505A3}"
EndProject
Project("{2150E333-8FDC-42A3-9474-1A3956D46DE8}") = "Behavioral", "Behavioral", "{D146504A-DACC-432F-A7E4-E50CFF0CFD33}"
EndProject
Project("{9A19103F-16F7-4668-BE54-9A1E7A4F7556}") = "Factory", "Factory\Factory.csproj", "{AABF1D1E-857C-43F4-8B47-DB12C0F284B9}"
EndProject
Project("{9A19103F-16F7-4668-BE54-9A1E7A4F7556}") = "Abstract_Factory", "Abstract_Factory\Abstract_Factory.csproj", "{367CE23C-365F-49B0-AAE7-D8F5C5D0DE79}"
EndProject
Project("{9A19103F-16F7-4668-BE54-9A1E7A4F7556}") = "Builder", "Builder\Builder.csproj", "{0828435A-02E2-4743-B215-E58D12C35819}"
EndProject
Project("{FAE04EC0-301F-11D3-BF4B-00C04F79EFBC}") = "Prototype", "Prototype\Prototype.csproj", "{E4304362-7866-47C1-8D7A-5BC37C3F1ED2}"
EndProject
Global
	GlobalSection(SolutionConfigurationPlatforms) = preSolution
		Debug|Any CPU = Debug|Any CPU
		Release|Any CPU = Release|Any CPU
	EndGlobalSection
	GlobalSection(ProjectConfigurationPlatforms) = postSolution
		{91DFD7EA-364D-4042-A384-AE4F42F0A817}.Debug|Any CPU.ActiveCfg = Debug|Any CPU
		{91DFD7EA-364D-4042-A384-AE4F42F0A817}.Debug|Any CPU.Build.0 = Debug|Any CPU
		{91DFD7EA-364D-4042-A384-AE4F42F0A817}.Release|Any CPU.ActiveCfg = Release|Any CPU
		{91DFD7EA-364D-4042-A384-AE4F42F0A817}.Release|Any CPU.Build.0 = Release|Any CPU
		{AABF1D1E-857C-43F4-8B47-DB12C0F284B9}.Debug|Any CPU.ActiveCfg = Debug|Any CPU
		{AABF1D1E-857C-43F4-8B47-DB12C0F284B9}.Debug|Any CPU.Build.0 = Debug|Any CPU
		{AABF1D1E-857C-43F4-8B47-DB12C0F284B9}.Release|Any CPU.ActiveCfg = Release|Any CPU
		{AABF1D1E-857C-43F4-8B47-DB12C0F284B9}.Release|Any CPU.Build.0 = Release|Any CPU
		{367CE23C-365F-49B0-AAE7-D8F5C5D0DE79}.Debug|Any CPU.ActiveCfg = Debug|Any CPU
		{367CE23C-365F-49B0-AAE7-D8F5C5D0DE79}.Debug|Any CPU.Build.0 = Debug|Any CPU
		{367CE23C-365F-49B0-AAE7-D8F5C5D0DE79}.Release|Any CPU.ActiveCfg = Release|Any CPU
		{367CE23C-365F-49B0-AAE7-D8F5C5D0DE79}.Release|Any CPU.Build.0 = Release|Any CPU
		{0828435A-02E2-4743-B215-E58D12C35819}.Debug|Any CPU.ActiveCfg = Debug|Any CPU
		{0828435A-02E2-4743-B215-E58D12C35819}.Debug|Any CPU.Build.0 = Debug|Any CPU
		{0828435A-02E2-4743-B215-E58D12C35819}.Release|Any CPU.ActiveCfg = Release|Any CPU
		{0828435A-02E2-4743-B215-E58D12C35819}.Release|Any CPU.Build.0 = Release|Any CPU
		{E4304362-7866-47C1-8D7A-5BC37C3F1ED2}.Debug|Any CPU.ActiveCfg = Debug|Any CPU
		{E4304362-7866-47C1-8D7A-5BC37C3F1ED2}.Debug|Any CPU.Build.0 = Debug|Any CPU
		{E4304362-7866-47C1-8D7A-5BC37C3F1ED2}.Release|Any CPU.ActiveCfg = Release|Any CPU
		{E4304362-7866-47C1-8D7A-5BC37C3F1ED2}.Release|Any CPU.Build.0 = Release|Any CPU
	EndGlobalSection
	GlobalSection(SolutionProperties) = preSolution
		HideSolutionNode = FALSE
	EndGlobalSection
	GlobalSection(NestedProjects) = preSolution
		{AABF1D1E-857C-43F4-8B47-DB12C0F284B9} = {3563CFD1-0754-444F-85C9-48DD4C8A42CF}
		{367CE23C-365F-49B0-AAE7-D8F5C5D0DE79} = {3563CFD1-0754-444F-85C9-48DD4C8A42CF}
		{0828435A-02E2-4743-B215-E58D12C35819} = {3563CFD1-0754-444F-85C9-48DD4C8A42CF}
		{E4304362-7866-47C1-8D7A-5BC37C3F1ED2} = {3563CFD1-0754-444F-85C9-48DD4C8A42CF}
	EndGlobalSection
	GlobalSection(ExtensibilityGlobals) = postSolution
		SolutionGuid = {48ADBB55-6EFA-4A37-A6ED-9C95768BBF51}
	EndGlobalSection
EndGlobal
